
Microsoft Visual Studio Solution File, Format Version 12.00
# Visual Studio Version 16
VisualStudioVersion = 16.0.33927.289
MinimumVisualStudioVersion = 10.0.40219.1
Project("{2150E333-8FDC-42A3-9474-1A3956D46DE8}") = "Task0", "Task0", "{F0F130EB-AB03-4DB1-954D-5B44069D7AF8}"
EndProject
Project("{FAE04EC0-301F-11D3-BF4B-00C04F79EFBC}") = "Tyuiu.PyanzinaMA.Sprint0.Task0.V0", "Tyuiu.PyanzinaMA.Sprint0.Task0.V0\Tyuiu.PyanzinaMA.Sprint0.Task0.V0.csproj", "{C4989675-A34B-4E9F-9683-77A4938A3F23}"
EndProject
Project("{2150E333-8FDC-42A3-9474-1A3956D46DE8}") = "Task1", "Task1", "{2F393967-3618-4452-B247-D006395F1E4D}"
EndProject
Project("{FAE04EC0-301F-11D3-BF4B-00C04F79EFBC}") = "Tyuiu.PyanzinaMA.Sprint0.Task1.V0", "Tyuiu.PyanzinaMA.Sprint0.Task1.V0\Tyuiu.PyanzinaMA.Sprint0.Task1.V0.csproj", "{DB392AC7-83F3-4A61-AB39-1FF8483D699A}"
EndProject
Project("{2150E333-8FDC-42A3-9474-1A3956D46DE8}") = "Task2", "Task2", "{51C1F5A3-D864-466A-92FD-C7A6429E1D8F}"
EndProject
Project("{FAE04EC0-301F-11D3-BF4B-00C04F79EFBC}") = "Tyuiu.PyanzinaMA.Sprint0.Task2.V0", "Tyuiu.PyanzinaMA.Sprint0.Task2.V0\Tyuiu.PyanzinaMA.Sprint0.Task2.V0.csproj", "{27FF9116-98B8-4129-A016-29D7FFF05DAC}"
EndProject
Project("{FAE04EC0-301F-11D3-BF4B-00C04F79EFBC}") = "Tyuiu.PyanzinaMA.Sprint0.Task2.V0.Lib", "Tyuiu.PyanzinaMA.Sprint0.Task2.V0.Lib\Tyuiu.PyanzinaMA.Sprint0.Task2.V0.Lib.csproj", "{5F05A7BA-0A62-400F-8F2B-12518937FB21}"
EndProject
Project("{FAE04EC0-301F-11D3-BF4B-00C04F79EFBC}") = "Tyuiu.PyanzinaMA.Sprint0.Task2.V0.Test", "Tyuiu.PyanzinaMA.Sprint0.Task2.V0.Test\Tyuiu.PyanzinaMA.Sprint0.Task2.V0.Test.csproj", "{974A401F-0E70-4E92-8AA3-F5805F2E2801}"
EndProject
Project("{2150E333-8FDC-42A3-9474-1A3956D46DE8}") = "Task3", "Task3", "{AF0CE799-7A2F-4F89-823B-93B21B5DFD25}"
EndProject
Project("{FAE04EC0-301F-11D3-BF4B-00C04F79EFBC}") = "Tyuiu.PyanzinaMA.Sprint0.Task3.V0", "Tyuiu.PyanzinaMA.Sprint0.Task3.V0\Tyuiu.PyanzinaMA.Sprint0.Task3.V0.csproj", "{0D2A6120-6C78-4C9A-B151-1C58760297D8}"
EndProject
Project("{FAE04EC0-301F-11D3-BF4B-00C04F79EFBC}") = "Tyuiu.PyanzinaMA.Sprint0.Task3.V0.Test", "Tyuiu.PyanzinaMA.Sprint0.Task3.V0.Test\Tyuiu.PyanzinaMA.Sprint0.Task3.V0.Test.csproj", "{5AD290DC-F92C-4D94-B1D4-29CEDE95A53E}"
EndProject
Project("{FAE04EC0-301F-11D3-BF4B-00C04F79EFBC}") = "Tyuiu.PyanzinaMA.Sprint0.Task3.V0.Lib", "Tyuiu.PyanzinaMA.Sprint0.Task3.V0.Lib\Tyuiu.PyanzinaMA.Sprint0.Task3.V0.Lib.csproj", "{F16205F9-4D72-407B-A04B-67B8D32771F5}"
EndProject
Project("{2150E333-8FDC-42A3-9474-1A3956D46DE8}") = "Task4", "Task4", "{EEF2DDAE-9FE0-4BA4-9C3C-18820C34542B}"
EndProject
Project("{FAE04EC0-301F-11D3-BF4B-00C04F79EFBC}") = "Tyuiu.PyanzinaMA.Sprint0.Task4.V0", "Tyuiu.PyanzinaMA.Sprint0.Task4.V0\Tyuiu.PyanzinaMA.Sprint0.Task4.V0.csproj", "{C2C6127D-7968-49C0-B2A2-C01BFC3C3283}"
EndProject
Project("{FAE04EC0-301F-11D3-BF4B-00C04F79EFBC}") = "Tyuiu.PyanzinaMA.Sprint0.Task4.V0.Lib", "Tyuiu.PyanzinaMA.Sprint0.Task4.V0.Lib\Tyuiu.PyanzinaMA.Sprint0.Task4.V0.Lib.csproj", "{B3223A59-5ABD-424E-86A4-2C97B2907A04}"
EndProject
Project("{FAE04EC0-301F-11D3-BF4B-00C04F79EFBC}") = "Tyuiu.PyanzinaMA.Sprint0.Task4.V0.Test", "Tyuiu.PyanzinaMA.Sprint0.Task4.V0.Test\Tyuiu.PyanzinaMA.Sprint0.Task4.V0.Test.csproj", "{FC211C6D-C4FA-4571-B906-1BD7AA5E1DBA}"
EndProject
Project("{2150E333-8FDC-42A3-9474-1A3956D46DE8}") = "Task5", "Task5", "{650917C8-EA7B-4575-9965-CAD63FD8B4BE}"
EndProject
Project("{FAE04EC0-301F-11D3-BF4B-00C04F79EFBC}") = "Tyuiu.PyanzinaMA.Sprint0.Task5.V0", "Tyuiu.PyanzinaMA.Sprint0.Task5.V0\Tyuiu.PyanzinaMA.Sprint0.Task5.V0.csproj", "{290FDE9A-03E8-4652-AF5B-5CD0205BCA4D}"
EndProject
Project("{FAE04EC0-301F-11D3-BF4B-00C04F79EFBC}") = "Tyuiu.PyanzinaMA.Sprint0.Task5.V0.Lib", "Tyuiu.PyanzinaMA.Sprint0.Task5.V0.Lib\Tyuiu.PyanzinaMA.Sprint0.Task5.V0.Lib.csproj", "{11D5EEB2-1E96-4547-897B-32F3202545C2}"
EndProject
Project("{FAE04EC0-301F-11D3-BF4B-00C04F79EFBC}") = "Tyuiu.PyanzinaMA.Sprint0.Task5.V0.Test", "Tyuiu.PyanzinaMA.Sprint0.Task5.V0.Test\Tyuiu.PyanzinaMA.Sprint0.Task5.V0.Test.csproj", "{94753E5F-3842-45BF-8C6D-D49001DDC89B}"
EndProject
Global
	GlobalSection(SolutionConfigurationPlatforms) = preSolution
		Debug|Any CPU = Debug|Any CPU
		Release|Any CPU = Release|Any CPU
	EndGlobalSection
	GlobalSection(ProjectConfigurationPlatforms) = postSolution
		{C4989675-A34B-4E9F-9683-77A4938A3F23}.Debug|Any CPU.ActiveCfg = Debug|Any CPU
		{C4989675-A34B-4E9F-9683-77A4938A3F23}.Debug|Any CPU.Build.0 = Debug|Any CPU
		{C4989675-A34B-4E9F-9683-77A4938A3F23}.Release|Any CPU.ActiveCfg = Release|Any CPU
		{C4989675-A34B-4E9F-9683-77A4938A3F23}.Release|Any CPU.Build.0 = Release|Any CPU
		{DB392AC7-83F3-4A61-AB39-1FF8483D699A}.Debug|Any CPU.ActiveCfg = Debug|Any CPU
		{DB392AC7-83F3-4A61-AB39-1FF8483D699A}.Debug|Any CPU.Build.0 = Debug|Any CPU
		{DB392AC7-83F3-4A61-AB39-1FF8483D699A}.Release|Any CPU.ActiveCfg = Release|Any CPU
		{DB392AC7-83F3-4A61-AB39-1FF8483D699A}.Release|Any CPU.Build.0 = Release|Any CPU
		{27FF9116-98B8-4129-A016-29D7FFF05DAC}.Debug|Any CPU.ActiveCfg = Debug|Any CPU
		{27FF9116-98B8-4129-A016-29D7FFF05DAC}.Debug|Any CPU.Build.0 = Debug|Any CPU
		{27FF9116-98B8-4129-A016-29D7FFF05DAC}.Release|Any CPU.ActiveCfg = Release|Any CPU
		{27FF9116-98B8-4129-A016-29D7FFF05DAC}.Release|Any CPU.Build.0 = Release|Any CPU
		{5F05A7BA-0A62-400F-8F2B-12518937FB21}.Debug|Any CPU.ActiveCfg = Debug|Any CPU
		{5F05A7BA-0A62-400F-8F2B-12518937FB21}.Debug|Any CPU.Build.0 = Debug|Any CPU
		{5F05A7BA-0A62-400F-8F2B-12518937FB21}.Release|Any CPU.ActiveCfg = Release|Any CPU
		{5F05A7BA-0A62-400F-8F2B-12518937FB21}.Release|Any CPU.Build.0 = Release|Any CPU
		{974A401F-0E70-4E92-8AA3-F5805F2E2801}.Debug|Any CPU.ActiveCfg = Debug|Any CPU
		{974A401F-0E70-4E92-8AA3-F5805F2E2801}.Debug|Any CPU.Build.0 = Debug|Any CPU
		{974A401F-0E70-4E92-8AA3-F5805F2E2801}.Release|Any CPU.ActiveCfg = Release|Any CPU
		{974A401F-0E70-4E92-8AA3-F5805F2E2801}.Release|Any CPU.Build.0 = Release|Any CPU
		{0D2A6120-6C78-4C9A-B151-1C58760297D8}.Debug|Any CPU.ActiveCfg = Debug|Any CPU
		{0D2A6120-6C78-4C9A-B151-1C58760297D8}.Debug|Any CPU.Build.0 = Debug|Any CPU
		{0D2A6120-6C78-4C9A-B151-1C58760297D8}.Release|Any CPU.ActiveCfg = Release|Any CPU
		{0D2A6120-6C78-4C9A-B151-1C58760297D8}.Release|Any CPU.Build.0 = Release|Any CPU
		{5AD290DC-F92C-4D94-B1D4-29CEDE95A53E}.Debug|Any CPU.ActiveCfg = Debug|Any CPU
		{5AD290DC-F92C-4D94-B1D4-29CEDE95A53E}.Debug|Any CPU.Build.0 = Debug|Any CPU
		{5AD290DC-F92C-4D94-B1D4-29CEDE95A53E}.Release|Any CPU.ActiveCfg = Release|Any CPU
		{5AD290DC-F92C-4D94-B1D4-29CEDE95A53E}.Release|Any CPU.Build.0 = Release|Any CPU
		{F16205F9-4D72-407B-A04B-67B8D32771F5}.Debug|Any CPU.ActiveCfg = Debug|Any CPU
		{F16205F9-4D72-407B-A04B-67B8D32771F5}.Debug|Any CPU.Build.0 = Debug|Any CPU
		{F16205F9-4D72-407B-A04B-67B8D32771F5}.Release|Any CPU.ActiveCfg = Release|Any CPU
		{F16205F9-4D72-407B-A04B-67B8D32771F5}.Release|Any CPU.Build.0 = Release|Any CPU
		{C2C6127D-7968-49C0-B2A2-C01BFC3C3283}.Debug|Any CPU.ActiveCfg = Debug|Any CPU
		{C2C6127D-7968-49C0-B2A2-C01BFC3C3283}.Debug|Any CPU.Build.0 = Debug|Any CPU
		{C2C6127D-7968-49C0-B2A2-C01BFC3C3283}.Release|Any CPU.ActiveCfg = Release|Any CPU
		{C2C6127D-7968-49C0-B2A2-C01BFC3C3283}.Release|Any CPU.Build.0 = Release|Any CPU
		{B3223A59-5ABD-424E-86A4-2C97B2907A04}.Debug|Any CPU.ActiveCfg = Debug|Any CPU
		{B3223A59-5ABD-424E-86A4-2C97B2907A04}.Debug|Any CPU.Build.0 = Debug|Any CPU
		{B3223A59-5ABD-424E-86A4-2C97B2907A04}.Release|Any CPU.ActiveCfg = Release|Any CPU
		{B3223A59-5ABD-424E-86A4-2C97B2907A04}.Release|Any CPU.Build.0 = Release|Any CPU
		{FC211C6D-C4FA-4571-B906-1BD7AA5E1DBA}.Debug|Any CPU.ActiveCfg = Debug|Any CPU
		{FC211C6D-C4FA-4571-B906-1BD7AA5E1DBA}.Debug|Any CPU.Build.0 = Debug|Any CPU
		{FC211C6D-C4FA-4571-B906-1BD7AA5E1DBA}.Release|Any CPU.ActiveCfg = Release|Any CPU
		{FC211C6D-C4FA-4571-B906-1BD7AA5E1DBA}.Release|Any CPU.Build.0 = Release|Any CPU
		{290FDE9A-03E8-4652-AF5B-5CD0205BCA4D}.Debug|Any CPU.ActiveCfg = Debug|Any CPU
		{290FDE9A-03E8-4652-AF5B-5CD0205BCA4D}.Debug|Any CPU.Build.0 = Debug|Any CPU
		{290FDE9A-03E8-4652-AF5B-5CD0205BCA4D}.Release|Any CPU.ActiveCfg = Release|Any CPU
		{290FDE9A-03E8-4652-AF5B-5CD0205BCA4D}.Release|Any CPU.Build.0 = Release|Any CPU
		{11D5EEB2-1E96-4547-897B-32F3202545C2}.Debug|Any CPU.ActiveCfg = Debug|Any CPU
		{11D5EEB2-1E96-4547-897B-32F3202545C2}.Debug|Any CPU.Build.0 = Debug|Any CPU
		{11D5EEB2-1E96-4547-897B-32F3202545C2}.Release|Any CPU.ActiveCfg = Release|Any CPU
		{11D5EEB2-1E96-4547-897B-32F3202545C2}.Release|Any CPU.Build.0 = Release|Any CPU
		{94753E5F-3842-45BF-8C6D-D49001DDC89B}.Debug|Any CPU.ActiveCfg = Debug|Any CPU
		{94753E5F-3842-45BF-8C6D-D49001DDC89B}.Debug|Any CPU.Build.0 = Debug|Any CPU
		{94753E5F-3842-45BF-8C6D-D49001DDC89B}.Release|Any CPU.ActiveCfg = Release|Any CPU
		{94753E5F-3842-45BF-8C6D-D49001DDC89B}.Release|Any CPU.Build.0 = Release|Any CPU
	EndGlobalSection
	GlobalSection(SolutionProperties) = preSolution
		HideSolutionNode = FALSE
	EndGlobalSection
	GlobalSection(NestedProjects) = preSolution
		{C4989675-A34B-4E9F-9683-77A4938A3F23} = {F0F130EB-AB03-4DB1-954D-5B44069D7AF8}
		{DB392AC7-83F3-4A61-AB39-1FF8483D699A} = {2F393967-3618-4452-B247-D006395F1E4D}
		{27FF9116-98B8-4129-A016-29D7FFF05DAC} = {51C1F5A3-D864-466A-92FD-C7A6429E1D8F}
		{5F05A7BA-0A62-400F-8F2B-12518937FB21} = {51C1F5A3-D864-466A-92FD-C7A6429E1D8F}
		{974A401F-0E70-4E92-8AA3-F5805F2E2801} = {51C1F5A3-D864-466A-92FD-C7A6429E1D8F}
		{0D2A6120-6C78-4C9A-B151-1C58760297D8} = {AF0CE799-7A2F-4F89-823B-93B21B5DFD25}
		{5AD290DC-F92C-4D94-B1D4-29CEDE95A53E} = {AF0CE799-7A2F-4F89-823B-93B21B5DFD25}
		{F16205F9-4D72-407B-A04B-67B8D32771F5} = {AF0CE799-7A2F-4F89-823B-93B21B5DFD25}
		{C2C6127D-7968-49C0-B2A2-C01BFC3C3283} = {EEF2DDAE-9FE0-4BA4-9C3C-18820C34542B}
		{B3223A59-5ABD-424E-86A4-2C97B2907A04} = {EEF2DDAE-9FE0-4BA4-9C3C-18820C34542B}
		{FC211C6D-C4FA-4571-B906-1BD7AA5E1DBA} = {EEF2DDAE-9FE0-4BA4-9C3C-18820C34542B}
		{290FDE9A-03E8-4652-AF5B-5CD0205BCA4D} = {650917C8-EA7B-4575-9965-CAD63FD8B4BE}
		{11D5EEB2-1E96-4547-897B-32F3202545C2} = {650917C8-EA7B-4575-9965-CAD63FD8B4BE}
		{94753E5F-3842-45BF-8C6D-D49001DDC89B} = {650917C8-EA7B-4575-9965-CAD63FD8B4BE}
	EndGlobalSection
	GlobalSection(ExtensibilityGlobals) = postSolution
		SolutionGuid = {EFCD319B-EEC1-4AC0-BBAA-C3ED5DCAA3F2}
	EndGlobalSection
EndGlobal
